{
  "originHash" : "613c61795c3ad51470b2706342d24437c06cadc751555a20fb6bbe7e1a30df72",
  "pins" : [
    {
      "identity" : "alamofire",
      "kind" : "remoteSourceControl",
      "location" : "https://github.com/alamofire/alamofire",
      "state" : {
        "revision" : "f455c2975872ccd2d9c81594c658af65716e9b9a",
        "version" : "5.9.1"
      }
    },
    {
      "identity" : "my-foundation",
      "kind" : "remoteSourceControl",
      "location" : "https://github.com/mingyuuu0108/my-foundation",
      "state" : {
        "revision" : "344fb8e95cd0b291a294d3ce4cc9db2d1c1261a1",
        "version" : "0.0.4"
      }
    },
    {
      "identity" : "richtextkit",
      "kind" : "remoteSourceControl",
      "location" : "https://github.com/danielsaidi/RichTextKit",
      "state" : {
        "revision" : "f0ecceb71ff3cb12a3143eed13b8b62fea7c34e5",
        "version" : "1.0.0"
      }
    }
  ],
  "version" : 3
}
