{
  "originHash" : "1db22166ea9a1cb1f6048180b0519e308d08d30b49fc9d0e8ea7959c84c5216c",
  "pins" : [
    {
      "identity" : "alamofire",
      "kind" : "remoteSourceControl",
      "location" : "https://github.com/alamofire/alamofire",
      "state" : {
        "revision" : "f455c2975872ccd2d9c81594c658af65716e9b9a",
        "version" : "5.9.1"
      }
    },
    {
      "identity" : "zoomable",
      "kind" : "remoteSourceControl",
      "location" : "https://github.com/ryohey/Zoomable",
      "state" : {
        "branch" : "main",
        "revision" : "525c0e1784825261b84d21c5cd5a159245a40ea6"
      }
    }
  ],
  "version" : 3
}
