// !$*UTF8*$!
{
	archiveVersion = 1;
	classes = {
	};
	objectVersion = 56;
	objects = {

/* Begin PBXBuildFile section */
		17A438D32C9DAB0F00B071CA /* Assets.xcassets in Resources */ = {isa = PBXBuildFile; fileRef = 17A438D22C9DAB0F00B071CA /* Assets.xcassets */; };
		17A4393B2C9DAB1E00B071CA /* MEMOAApp.swift in Sources */ = {isa = PBXBuildFile; fileRef = 17A438D42C9DAB1E00B071CA /* MEMOAApp.swift */; };
		17A4393C2C9DAB1E00B071CA /* BackButton.swift in Sources */ = {isa = PBXBuildFile; fileRef = 17A438D62C9DAB1E00B071CA /* BackButton.swift */; };
		17A4393D2C9DAB1E00B071CA /* CompleteButton.swift in Sources */ = {isa = PBXBuildFile; fileRef = 17A438D72C9DAB1E00B071CA /* CompleteButton.swift */; };
		17A4393E2C9DAB1E00B071CA /* BookmarkButton.swift in Sources */ = {isa = PBXBuildFile; fileRef = 17A438D92C9DAB1E00B071CA /* BookmarkButton.swift */; };
		17A4393F2C9DAB1E00B071CA /* BookmarkModel.swift in Sources */ = {isa = PBXBuildFile; fileRef = 17A438DA2C9DAB1E00B071CA /* BookmarkModel.swift */; };
		17A439402C9DAB1E00B071CA /* BookmarkView.swift in Sources */ = {isa = PBXBuildFile; fileRef = 17A438DB2C9DAB1E00B071CA /* BookmarkView.swift */; };
		17A439412C9DAB1E00B071CA /* BookmarkViewmodel.swift in Sources */ = {isa = PBXBuildFile; fileRef = 17A438DC2C9DAB1E00B071CA /* BookmarkViewmodel.swift */; };
		17A439422C9DAB1E00B071CA /* SelectitemView.swift in Sources */ = {isa = PBXBuildFile; fileRef = 17A438DE2C9DAB1E00B071CA /* SelectitemView.swift */; };
		17A439432C9DAB1E00B071CA /* UploadComponentView.swift in Sources */ = {isa = PBXBuildFile; fileRef = 17A438DF2C9DAB1E00B071CA /* UploadComponentView.swift */; };
		17A439442C9DAB1E00B071CA /* DetailView.swift in Sources */ = {isa = PBXBuildFile; fileRef = 17A438E12C9DAB1E00B071CA /* DetailView.swift */; };
		17A439452C9DAB1E00B071CA /* HomeModel.swift in Sources */ = {isa = PBXBuildFile; fileRef = 17A438E22C9DAB1E00B071CA /* HomeModel.swift */; };
		17A439462C9DAB1E00B071CA /* HomeView.swift in Sources */ = {isa = PBXBuildFile; fileRef = 17A438E32C9DAB1E00B071CA /* HomeView.swift */; };
		17A439472C9DAB1E00B071CA /* HomeViewModel.swift in Sources */ = {isa = PBXBuildFile; fileRef = 17A438E42C9DAB1E00B071CA /* HomeViewModel.swift */; };
		17A439482C9DAB1E00B071CA /* ChangeNameView.swift in Sources */ = {isa = PBXBuildFile; fileRef = 17A438E62C9DAB1E00B071CA /* ChangeNameView.swift */; };
		17A439492C9DAB1E00B071CA /* ChangingDepartmentView.swift in Sources */ = {isa = PBXBuildFile; fileRef = 17A438E72C9DAB1E00B071CA /* ChangingDepartmentView.swift */; };
		17A4394A2C9DAB1E00B071CA /* ModifyView.swift in Sources */ = {isa = PBXBuildFile; fileRef = 17A438E82C9DAB1E00B071CA /* ModifyView.swift */; };
		17A4394B2C9DAB1E00B071CA /* ModifyViewbutton.swift in Sources */ = {isa = PBXBuildFile; fileRef = 17A438EA2C9DAB1E00B071CA /* ModifyViewbutton.swift */; };
		17A4394C2C9DAB1E00B071CA /* MyUploadList.swift in Sources */ = {isa = PBXBuildFile; fileRef = 17A438EB2C9DAB1E00B071CA /* MyUploadList.swift */; };
		17A4394D2C9DAB1E00B071CA /* MyProfilModel.swift in Sources */ = {isa = PBXBuildFile; fileRef = 17A438ED2C9DAB1E00B071CA /* MyProfilModel.swift */; };
		17A4394E2C9DAB1E00B071CA /* MyProfilView.swift in Sources */ = {isa = PBXBuildFile; fileRef = 17A438EE2C9DAB1E00B071CA /* MyProfilView.swift */; };
		17A4394F2C9DAB1E00B071CA /* MyProfilViewModel.swift in Sources */ = {isa = PBXBuildFile; fileRef = 17A438EF2C9DAB1E00B071CA /* MyProfilViewModel.swift */; };
		17A439502C9DAB1E00B071CA /* ProfilModel.swift in Sources */ = {isa = PBXBuildFile; fileRef = 17A438F12C9DAB1E00B071CA /* ProfilModel.swift */; };
		17A439512C9DAB1E00B071CA /* ProfilView.swift in Sources */ = {isa = PBXBuildFile; fileRef = 17A438F22C9DAB1E00B071CA /* ProfilView.swift */; };
		17A439522C9DAB1E00B071CA /* ProfilViewModel.swift in Sources */ = {isa = PBXBuildFile; fileRef = 17A438F32C9DAB1E00B071CA /* ProfilViewModel.swift */; };
		17A439532C9DAB1E00B071CA /* UploadList.swift in Sources */ = {isa = PBXBuildFile; fileRef = 17A438F42C9DAB1E00B071CA /* UploadList.swift */; };
		17A439542C9DAB1E00B071CA /* SearchModel.swift in Sources */ = {isa = PBXBuildFile; fileRef = 17A438F62C9DAB1E00B071CA /* SearchModel.swift */; };
		17A439552C9DAB1E00B071CA /* SearchView.swift in Sources */ = {isa = PBXBuildFile; fileRef = 17A438F72C9DAB1E00B071CA /* SearchView.swift */; };
		17A439562C9DAB1E00B071CA /* SearchViewModel.swift in Sources */ = {isa = PBXBuildFile; fileRef = 17A438F82C9DAB1E00B071CA /* SearchViewModel.swift */; };
		17A439572C9DAB1E00B071CA /* MainView.swift in Sources */ = {isa = PBXBuildFile; fileRef = 17A438FA2C9DAB1E00B071CA /* MainView.swift */; };
		17A439582C9DAB1E00B071CA /* TabViewCell.swift in Sources */ = {isa = PBXBuildFile; fileRef = 17A438FB2C9DAB1E00B071CA /* TabViewCell.swift */; };
		17A439592C9DAB1E00B071CA /* TabViewdesign.swift in Sources */ = {isa = PBXBuildFile; fileRef = 17A438FC2C9DAB1E00B071CA /* TabViewdesign.swift */; };
		17A4395A2C9DAB1E00B071CA /* TabViewType.swift in Sources */ = {isa = PBXBuildFile; fileRef = 17A438FD2C9DAB1E00B071CA /* TabViewType.swift */; };
		17A4395B2C9DAB1E00B071CA /* UIViewRepresentable.swift in Sources */ = {isa = PBXBuildFile; fileRef = 17A438FF2C9DAB1E00B071CA /* UIViewRepresentable.swift */; };
		17A4395C2C9DAB1E00B071CA /* WriteModel.swift in Sources */ = {isa = PBXBuildFile; fileRef = 17A439002C9DAB1E00B071CA /* WriteModel.swift */; };
		17A4395D2C9DAB1E00B071CA /* WriteView.swift in Sources */ = {isa = PBXBuildFile; fileRef = 17A439012C9DAB1E00B071CA /* WriteView.swift */; };
		17A4395E2C9DAB1E00B071CA /* WriteViewModel.swift in Sources */ = {isa = PBXBuildFile; fileRef = 17A439022C9DAB1E00B071CA /* WriteViewModel.swift */; };
		17A4395F2C9DAB1E00B071CA /* ViewExt.swift in Sources */ = {isa = PBXBuildFile; fileRef = 17A439052C9DAB1E00B071CA /* ViewExt.swift */; };
		17A439602C9DAB1E00B071CA /* RoundedCornerShape.swift in Sources */ = {isa = PBXBuildFile; fileRef = 17A439072C9DAB1E00B071CA /* RoundedCornerShape.swift */; };
		17A439612C9DAB1E00B071CA /* Pretendard-Black.ttf in Resources */ = {isa = PBXBuildFile; fileRef = 17A4390B2C9DAB1E00B071CA /* Pretendard-Black.ttf */; };
		17A439622C9DAB1E00B071CA /* Pretendard-Bold.ttf in Resources */ = {isa = PBXBuildFile; fileRef = 17A4390C2C9DAB1E00B071CA /* Pretendard-Bold.ttf */; };
		17A439632C9DAB1E00B071CA /* Pretendard-ExtraBold.ttf in Resources */ = {isa = PBXBuildFile; fileRef = 17A4390D2C9DAB1E00B071CA /* Pretendard-ExtraBold.ttf */; };
		17A439642C9DAB1E00B071CA /* Pretendard-ExtraLight.ttf in Resources */ = {isa = PBXBuildFile; fileRef = 17A4390E2C9DAB1E00B071CA /* Pretendard-ExtraLight.ttf */; };
		17A439652C9DAB1E00B071CA /* Pretendard-Light.ttf in Resources */ = {isa = PBXBuildFile; fileRef = 17A4390F2C9DAB1E00B071CA /* Pretendard-Light.ttf */; };
		17A439662C9DAB1E00B071CA /* Pretendard-Medium.ttf in Resources */ = {isa = PBXBuildFile; fileRef = 17A439102C9DAB1E00B071CA /* Pretendard-Medium.ttf */; };
		17A439672C9DAB1E00B071CA /* Pretendard-Regular.ttf in Resources */ = {isa = PBXBuildFile; fileRef = 17A439112C9DAB1E00B071CA /* Pretendard-Regular.ttf */; };
		17A439682C9DAB1E00B071CA /* Pretendard-SemiBold.ttf in Resources */ = {isa = PBXBuildFile; fileRef = 17A439122C9DAB1E00B071CA /* Pretendard-SemiBold.ttf */; };
		17A439692C9DAB1E00B071CA /* Pretendard-Thin.ttf in Resources */ = {isa = PBXBuildFile; fileRef = 17A439132C9DAB1E00B071CA /* Pretendard-Thin.ttf */; };
		17A4396A2C9DAB1E00B071CA /* Fontsize.swift in Sources */ = {isa = PBXBuildFile; fileRef = 17A439152C9DAB1E00B071CA /* Fontsize.swift */; };
		17A4396B2C9DAB1E00B071CA /* Preview Assets.xcassets in Resources */ = {isa = PBXBuildFile; fileRef = 17A439172C9DAB1E00B071CA /* Preview Assets.xcassets */; };
		17A4396D2C9DAB1E00B071CA /* Iconography.xcassets in Resources */ = {isa = PBXBuildFile; fileRef = 17A4391A2C9DAB1E00B071CA /* Iconography.xcassets */; };
		17A4396E2C9DAB1E00B071CA /* Info.plist in Resources */ = {isa = PBXBuildFile; fileRef = 17A4391C2C9DAB1E00B071CA /* Info.plist */; };
		17A4396F2C9DAB1E00B071CA /*  TermsOfUseButton.swift in Sources */ = {isa = PBXBuildFile; fileRef = 17A4391D2C9DAB1E00B071CA /*  TermsOfUseButton.swift */; };
		17A439702C9DAB1E00B071CA /* CustomTextField.swift in Sources */ = {isa = PBXBuildFile; fileRef = 17A4391E2C9DAB1E00B071CA /* CustomTextField.swift */; };
		17A439712C9DAB1E00B071CA /* LongButton.swift in Sources */ = {isa = PBXBuildFile; fileRef = 17A4391F2C9DAB1E00B071CA /* LongButton.swift */; };
		17A439722C9DAB1E00B071CA /* GetEmailView.swift in Sources */ = {isa = PBXBuildFile; fileRef = 17A439212C9DAB1E00B071CA /* GetEmailView.swift */; };
		17A439732C9DAB1E00B071CA /* GetNicnameView.swift in Sources */ = {isa = PBXBuildFile; fileRef = 17A439222C9DAB1E00B071CA /* GetNicnameView.swift */; };
		17A439742C9DAB1E00B071CA /* GetpasswordView.swift in Sources */ = {isa = PBXBuildFile; fileRef = 17A439232C9DAB1E00B071CA /* GetpasswordView.swift */; };
		17A439752C9DAB1E00B071CA /* GetSchoolView.swift in Sources */ = {isa = PBXBuildFile; fileRef = 17A439242C9DAB1E00B071CA /* GetSchoolView.swift */; };
		17A439762C9DAB1E00B071CA /* SelectSchoolView.swift in Sources */ = {isa = PBXBuildFile; fileRef = 17A439252C9DAB1E00B071CA /* SelectSchoolView.swift */; };
		17A439772C9DAB1E00B071CA /* SchoolModel.swift in Sources */ = {isa = PBXBuildFile; fileRef = 17A439272C9DAB1E00B071CA /* SchoolModel.swift */; };
		17A439782C9DAB1E00B071CA /* SchoolModelView.swift in Sources */ = {isa = PBXBuildFile; fileRef = 17A439282C9DAB1E00B071CA /* SchoolModelView.swift */; };
		17A439792C9DAB1E00B071CA /* SignupModel.swift in Sources */ = {isa = PBXBuildFile; fileRef = 17A439292C9DAB1E00B071CA /* SignupModel.swift */; };
		17A4397A2C9DAB1E00B071CA /* SignupModelView.swift in Sources */ = {isa = PBXBuildFile; fileRef = 17A4392A2C9DAB1E00B071CA /* SignupModelView.swift */; };
		17A4397B2C9DAB1E00B071CA /* FirstView.swift in Sources */ = {isa = PBXBuildFile; fileRef = 17A4392C2C9DAB1E00B071CA /* FirstView.swift */; };
		17A4397C2C9DAB1E00B071CA /* LoginModel.swift in Sources */ = {isa = PBXBuildFile; fileRef = 17A4392D2C9DAB1E00B071CA /* LoginModel.swift */; };
		17A4397D2C9DAB1E00B071CA /* LoginModelView.swift in Sources */ = {isa = PBXBuildFile; fileRef = 17A4392E2C9DAB1E00B071CA /* LoginModelView.swift */; };
		17A4397E2C9DAB1E00B071CA /* LoginView.swift in Sources */ = {isa = PBXBuildFile; fileRef = 17A4392F2C9DAB1E00B071CA /* LoginView.swift */; };
		17A4397F2C9DAB1E00B071CA /* Pretendard-Black.ttf in Resources */ = {isa = PBXBuildFile; fileRef = 17A439312C9DAB1E00B071CA /* Pretendard-Black.ttf */; };
		17A439802C9DAB1E00B071CA /* Pretendard-Bold.ttf in Resources */ = {isa = PBXBuildFile; fileRef = 17A439322C9DAB1E00B071CA /* Pretendard-Bold.ttf */; };
		17A439812C9DAB1E00B071CA /* Pretendard-ExtraBold.ttf in Resources */ = {isa = PBXBuildFile; fileRef = 17A439332C9DAB1E00B071CA /* Pretendard-ExtraBold.ttf */; };
		17A439822C9DAB1E00B071CA /* Pretendard-ExtraLight.ttf in Resources */ = {isa = PBXBuildFile; fileRef = 17A439342C9DAB1E00B071CA /* Pretendard-ExtraLight.ttf */; };
		17A439832C9DAB1E00B071CA /* Pretendard-Light.ttf in Resources */ = {isa = PBXBuildFile; fileRef = 17A439352C9DAB1E00B071CA /* Pretendard-Light.ttf */; };
		17A439842C9DAB1E00B071CA /* Pretendard-Medium.ttf in Resources */ = {isa = PBXBuildFile; fileRef = 17A439362C9DAB1E00B071CA /* Pretendard-Medium.ttf */; };
		17A439852C9DAB1E00B071CA /* Pretendard-Regular.ttf in Resources */ = {isa = PBXBuildFile; fileRef = 17A439372C9DAB1E00B071CA /* Pretendard-Regular.ttf */; };
		17A439862C9DAB1E00B071CA /* Pretendard-SemiBold.ttf in Resources */ = {isa = PBXBuildFile; fileRef = 17A439382C9DAB1E00B071CA /* Pretendard-SemiBold.ttf */; };
		17A439872C9DAB1E00B071CA /* Pretendard-Thin.ttf in Resources */ = {isa = PBXBuildFile; fileRef = 17A439392C9DAB1E00B071CA /* Pretendard-Thin.ttf */; };
/* End PBXBuildFile section */

/* Begin PBXFileReference section */
		17A438AB2C9DA9F000B071CA /* MEMOA.app */ = {isa = PBXFileReference; explicitFileType = wrapper.application; includeInIndex = 0; path = MEMOA.app; sourceTree = BUILT_PRODUCTS_DIR; };
		17A438D22C9DAB0F00B071CA /* Assets.xcassets */ = {isa = PBXFileReference; lastKnownFileType = folder.assetcatalog; path = Assets.xcassets; sourceTree = "<group>"; };
		17A438D42C9DAB1E00B071CA /* MEMOAApp.swift */ = {isa = PBXFileReference; fileEncoding = 4; lastKnownFileType = sourcecode.swift; path = MEMOAApp.swift; sourceTree = "<group>"; };
		17A438D62C9DAB1E00B071CA /* BackButton.swift */ = {isa = PBXFileReference; fileEncoding = 4; lastKnownFileType = sourcecode.swift; path = BackButton.swift; sourceTree = "<group>"; };
		17A438D72C9DAB1E00B071CA /* CompleteButton.swift */ = {isa = PBXFileReference; fileEncoding = 4; lastKnownFileType = sourcecode.swift; path = CompleteButton.swift; sourceTree = "<group>"; };
		17A438D92C9DAB1E00B071CA /* BookmarkButton.swift */ = {isa = PBXFileReference; fileEncoding = 4; lastKnownFileType = sourcecode.swift; path = BookmarkButton.swift; sourceTree = "<group>"; };
		17A438DA2C9DAB1E00B071CA /* BookmarkModel.swift */ = {isa = PBXFileReference; fileEncoding = 4; lastKnownFileType = sourcecode.swift; path = BookmarkModel.swift; sourceTree = "<group>"; };
		17A438DB2C9DAB1E00B071CA /* BookmarkView.swift */ = {isa = PBXFileReference; fileEncoding = 4; lastKnownFileType = sourcecode.swift; path = BookmarkView.swift; sourceTree = "<group>"; };
		17A438DC2C9DAB1E00B071CA /* BookmarkViewmodel.swift */ = {isa = PBXFileReference; fileEncoding = 4; lastKnownFileType = sourcecode.swift; path = BookmarkViewmodel.swift; sourceTree = "<group>"; };
		17A438DE2C9DAB1E00B071CA /* SelectitemView.swift */ = {isa = PBXFileReference; fileEncoding = 4; lastKnownFileType = sourcecode.swift; path = SelectitemView.swift; sourceTree = "<group>"; };
		17A438DF2C9DAB1E00B071CA /* UploadComponentView.swift */ = {isa = PBXFileReference; fileEncoding = 4; lastKnownFileType = sourcecode.swift; path = UploadComponentView.swift; sourceTree = "<group>"; };
		17A438E12C9DAB1E00B071CA /* DetailView.swift */ = {isa = PBXFileReference; fileEncoding = 4; lastKnownFileType = sourcecode.swift; path = DetailView.swift; sourceTree = "<group>"; };
		17A438E22C9DAB1E00B071CA /* HomeModel.swift */ = {isa = PBXFileReference; fileEncoding = 4; lastKnownFileType = sourcecode.swift; path = HomeModel.swift; sourceTree = "<group>"; };
		17A438E32C9DAB1E00B071CA /* HomeView.swift */ = {isa = PBXFileReference; fileEncoding = 4; lastKnownFileType = sourcecode.swift; path = HomeView.swift; sourceTree = "<group>"; };
		17A438E42C9DAB1E00B071CA /* HomeViewModel.swift */ = {isa = PBXFileReference; fileEncoding = 4; lastKnownFileType = sourcecode.swift; path = HomeViewModel.swift; sourceTree = "<group>"; };
		17A438E62C9DAB1E00B071CA /* ChangeNameView.swift */ = {isa = PBXFileReference; fileEncoding = 4; lastKnownFileType = sourcecode.swift; path = ChangeNameView.swift; sourceTree = "<group>"; };
		17A438E72C9DAB1E00B071CA /* ChangingDepartmentView.swift */ = {isa = PBXFileReference; fileEncoding = 4; lastKnownFileType = sourcecode.swift; path = ChangingDepartmentView.swift; sourceTree = "<group>"; };
		17A438E82C9DAB1E00B071CA /* ModifyView.swift */ = {isa = PBXFileReference; fileEncoding = 4; lastKnownFileType = sourcecode.swift; path = ModifyView.swift; sourceTree = "<group>"; };
		17A438EA2C9DAB1E00B071CA /* ModifyViewbutton.swift */ = {isa = PBXFileReference; fileEncoding = 4; lastKnownFileType = sourcecode.swift; path = ModifyViewbutton.swift; sourceTree = "<group>"; };
		17A438EB2C9DAB1E00B071CA /* MyUploadList.swift */ = {isa = PBXFileReference; fileEncoding = 4; lastKnownFileType = sourcecode.swift; path = MyUploadList.swift; sourceTree = "<group>"; };
		17A438ED2C9DAB1E00B071CA /* MyProfilModel.swift */ = {isa = PBXFileReference; fileEncoding = 4; lastKnownFileType = sourcecode.swift; path = MyProfilModel.swift; sourceTree = "<group>"; };
		17A438EE2C9DAB1E00B071CA /* MyProfilView.swift */ = {isa = PBXFileReference; fileEncoding = 4; lastKnownFileType = sourcecode.swift; path = MyProfilView.swift; sourceTree = "<group>"; };
		17A438EF2C9DAB1E00B071CA /* MyProfilViewModel.swift */ = {isa = PBXFileReference; fileEncoding = 4; lastKnownFileType = sourcecode.swift; path = MyProfilViewModel.swift; sourceTree = "<group>"; };
		17A438F12C9DAB1E00B071CA /* ProfilModel.swift */ = {isa = PBXFileReference; fileEncoding = 4; lastKnownFileType = sourcecode.swift; path = ProfilModel.swift; sourceTree = "<group>"; };
		17A438F22C9DAB1E00B071CA /* ProfilView.swift */ = {isa = PBXFileReference; fileEncoding = 4; lastKnownFileType = sourcecode.swift; path = ProfilView.swift; sourceTree = "<group>"; };
		17A438F32C9DAB1E00B071CA /* ProfilViewModel.swift */ = {isa = PBXFileReference; fileEncoding = 4; lastKnownFileType = sourcecode.swift; path = ProfilViewModel.swift; sourceTree = "<group>"; };
		17A438F42C9DAB1E00B071CA /* UploadList.swift */ = {isa = PBXFileReference; fileEncoding = 4; lastKnownFileType = sourcecode.swift; path = UploadList.swift; sourceTree = "<group>"; };
		17A438F62C9DAB1E00B071CA /* SearchModel.swift */ = {isa = PBXFileReference; fileEncoding = 4; lastKnownFileType = sourcecode.swift; path = SearchModel.swift; sourceTree = "<group>"; };
		17A438F72C9DAB1E00B071CA /* SearchView.swift */ = {isa = PBXFileReference; fileEncoding = 4; lastKnownFileType = sourcecode.swift; path = SearchView.swift; sourceTree = "<group>"; };
		17A438F82C9DAB1E00B071CA /* SearchViewModel.swift */ = {isa = PBXFileReference; fileEncoding = 4; lastKnownFileType = sourcecode.swift; path = SearchViewModel.swift; sourceTree = "<group>"; };
		17A438FA2C9DAB1E00B071CA /* MainView.swift */ = {isa = PBXFileReference; fileEncoding = 4; lastKnownFileType = sourcecode.swift; path = MainView.swift; sourceTree = "<group>"; };
		17A438FB2C9DAB1E00B071CA /* TabViewCell.swift */ = {isa = PBXFileReference; fileEncoding = 4; lastKnownFileType = sourcecode.swift; path = TabViewCell.swift; sourceTree = "<group>"; };
		17A438FC2C9DAB1E00B071CA /* TabViewdesign.swift */ = {isa = PBXFileReference; fileEncoding = 4; lastKnownFileType = sourcecode.swift; path = TabViewdesign.swift; sourceTree = "<group>"; };
		17A438FD2C9DAB1E00B071CA /* TabViewType.swift */ = {isa = PBXFileReference; fileEncoding = 4; lastKnownFileType = sourcecode.swift; path = TabViewType.swift; sourceTree = "<group>"; };
		17A438FF2C9DAB1E00B071CA /* UIViewRepresentable.swift */ = {isa = PBXFileReference; fileEncoding = 4; lastKnownFileType = sourcecode.swift; path = UIViewRepresentable.swift; sourceTree = "<group>"; };
		17A439002C9DAB1E00B071CA /* WriteModel.swift */ = {isa = PBXFileReference; fileEncoding = 4; lastKnownFileType = sourcecode.swift; path = WriteModel.swift; sourceTree = "<group>"; };
		17A439012C9DAB1E00B071CA /* WriteView.swift */ = {isa = PBXFileReference; fileEncoding = 4; lastKnownFileType = sourcecode.swift; path = WriteView.swift; sourceTree = "<group>"; };
		17A439022C9DAB1E00B071CA /* WriteViewModel.swift */ = {isa = PBXFileReference; fileEncoding = 4; lastKnownFileType = sourcecode.swift; path = WriteViewModel.swift; sourceTree = "<group>"; };
		17A439052C9DAB1E00B071CA /* ViewExt.swift */ = {isa = PBXFileReference; fileEncoding = 4; lastKnownFileType = sourcecode.swift; path = ViewExt.swift; sourceTree = "<group>"; };
		17A439072C9DAB1E00B071CA /* RoundedCornerShape.swift */ = {isa = PBXFileReference; fileEncoding = 4; lastKnownFileType = sourcecode.swift; path = RoundedCornerShape.swift; sourceTree = "<group>"; };
		17A4390B2C9DAB1E00B071CA /* Pretendard-Black.ttf */ = {isa = PBXFileReference; lastKnownFileType = file; path = "Pretendard-Black.ttf"; sourceTree = "<group>"; };
		17A4390C2C9DAB1E00B071CA /* Pretendard-Bold.ttf */ = {isa = PBXFileReference; lastKnownFileType = file; path = "Pretendard-Bold.ttf"; sourceTree = "<group>"; };
		17A4390D2C9DAB1E00B071CA /* Pretendard-ExtraBold.ttf */ = {isa = PBXFileReference; lastKnownFileType = file; path = "Pretendard-ExtraBold.ttf"; sourceTree = "<group>"; };
		17A4390E2C9DAB1E00B071CA /* Pretendard-ExtraLight.ttf */ = {isa = PBXFileReference; lastKnownFileType = file; path = "Pretendard-ExtraLight.ttf"; sourceTree = "<group>"; };
		17A4390F2C9DAB1E00B071CA /* Pretendard-Light.ttf */ = {isa = PBXFileReference; lastKnownFileType = file; path = "Pretendard-Light.ttf"; sourceTree = "<group>"; };
		17A439102C9DAB1E00B071CA /* Pretendard-Medium.ttf */ = {isa = PBXFileReference; lastKnownFileType = file; path = "Pretendard-Medium.ttf"; sourceTree = "<group>"; };
		17A439112C9DAB1E00B071CA /* Pretendard-Regular.ttf */ = {isa = PBXFileReference; lastKnownFileType = file; path = "Pretendard-Regular.ttf"; sourceTree = "<group>"; };
		17A439122C9DAB1E00B071CA /* Pretendard-SemiBold.ttf */ = {isa = PBXFileReference; lastKnownFileType = file; path = "Pretendard-SemiBold.ttf"; sourceTree = "<group>"; };
		17A439132C9DAB1E00B071CA /* Pretendard-Thin.ttf */ = {isa = PBXFileReference; lastKnownFileType = file; path = "Pretendard-Thin.ttf"; sourceTree = "<group>"; };
		17A439152C9DAB1E00B071CA /* Fontsize.swift */ = {isa = PBXFileReference; fileEncoding = 4; lastKnownFileType = sourcecode.swift; path = Fontsize.swift; sourceTree = "<group>"; };
		17A439172C9DAB1E00B071CA /* Preview Assets.xcassets */ = {isa = PBXFileReference; lastKnownFileType = folder.assetcatalog; path = "Preview Assets.xcassets"; sourceTree = "<group>"; };
		17A4391A2C9DAB1E00B071CA /* Iconography.xcassets */ = {isa = PBXFileReference; lastKnownFileType = folder.assetcatalog; path = Iconography.xcassets; sourceTree = "<group>"; };
		17A4391C2C9DAB1E00B071CA /* Info.plist */ = {isa = PBXFileReference; fileEncoding = 4; lastKnownFileType = text.plist.xml; path = Info.plist; sourceTree = "<group>"; };
		17A4391D2C9DAB1E00B071CA /*  TermsOfUseButton.swift */ = {isa = PBXFileReference; fileEncoding = 4; lastKnownFileType = sourcecode.swift; path = " TermsOfUseButton.swift"; sourceTree = "<group>"; };
		17A4391E2C9DAB1E00B071CA /* CustomTextField.swift */ = {isa = PBXFileReference; fileEncoding = 4; lastKnownFileType = sourcecode.swift; path = CustomTextField.swift; sourceTree = "<group>"; };
		17A4391F2C9DAB1E00B071CA /* LongButton.swift */ = {isa = PBXFileReference; fileEncoding = 4; lastKnownFileType = sourcecode.swift; path = LongButton.swift; sourceTree = "<group>"; };
		17A439212C9DAB1E00B071CA /* GetEmailView.swift */ = {isa = PBXFileReference; fileEncoding = 4; lastKnownFileType = sourcecode.swift; path = GetEmailView.swift; sourceTree = "<group>"; };
		17A439222C9DAB1E00B071CA /* GetNicnameView.swift */ = {isa = PBXFileReference; fileEncoding = 4; lastKnownFileType = sourcecode.swift; path = GetNicnameView.swift; sourceTree = "<group>"; };
		17A439232C9DAB1E00B071CA /* GetpasswordView.swift */ = {isa = PBXFileReference; fileEncoding = 4; lastKnownFileType = sourcecode.swift; path = GetpasswordView.swift; sourceTree = "<group>"; };
		17A439242C9DAB1E00B071CA /* GetSchoolView.swift */ = {isa = PBXFileReference; fileEncoding = 4; lastKnownFileType = sourcecode.swift; path = GetSchoolView.swift; sourceTree = "<group>"; };
		17A439252C9DAB1E00B071CA /* SelectSchoolView.swift */ = {isa = PBXFileReference; fileEncoding = 4; lastKnownFileType = sourcecode.swift; path = SelectSchoolView.swift; sourceTree = "<group>"; };
		17A439272C9DAB1E00B071CA /* SchoolModel.swift */ = {isa = PBXFileReference; fileEncoding = 4; lastKnownFileType = sourcecode.swift; path = SchoolModel.swift; sourceTree = "<group>"; };
		17A439282C9DAB1E00B071CA /* SchoolModelView.swift */ = {isa = PBXFileReference; fileEncoding = 4; lastKnownFileType = sourcecode.swift; path = SchoolModelView.swift; sourceTree = "<group>"; };
		17A439292C9DAB1E00B071CA /* SignupModel.swift */ = {isa = PBXFileReference; fileEncoding = 4; lastKnownFileType = sourcecode.swift; path = SignupModel.swift; sourceTree = "<group>"; };
		17A4392A2C9DAB1E00B071CA /* SignupModelView.swift */ = {isa = PBXFileReference; fileEncoding = 4; lastKnownFileType = sourcecode.swift; path = SignupModelView.swift; sourceTree = "<group>"; };
		17A4392C2C9DAB1E00B071CA /* FirstView.swift */ = {isa = PBXFileReference; fileEncoding = 4; lastKnownFileType = sourcecode.swift; path = FirstView.swift; sourceTree = "<group>"; };
		17A4392D2C9DAB1E00B071CA /* LoginModel.swift */ = {isa = PBXFileReference; fileEncoding = 4; lastKnownFileType = sourcecode.swift; path = LoginModel.swift; sourceTree = "<group>"; };
		17A4392E2C9DAB1E00B071CA /* LoginModelView.swift */ = {isa = PBXFileReference; fileEncoding = 4; lastKnownFileType = sourcecode.swift; path = LoginModelView.swift; sourceTree = "<group>"; };
		17A4392F2C9DAB1E00B071CA /* LoginView.swift */ = {isa = PBXFileReference; fileEncoding = 4; lastKnownFileType = sourcecode.swift; path = LoginView.swift; sourceTree = "<group>"; };
		17A439312C9DAB1E00B071CA /* Pretendard-Black.ttf */ = {isa = PBXFileReference; lastKnownFileType = file; path = "Pretendard-Black.ttf"; sourceTree = "<group>"; };
		17A439322C9DAB1E00B071CA /* Pretendard-Bold.ttf */ = {isa = PBXFileReference; lastKnownFileType = file; path = "Pretendard-Bold.ttf"; sourceTree = "<group>"; };
		17A439332C9DAB1E00B071CA /* Pretendard-ExtraBold.ttf */ = {isa = PBXFileReference; lastKnownFileType = file; path = "Pretendard-ExtraBold.ttf"; sourceTree = "<group>"; };
		17A439342C9DAB1E00B071CA /* Pretendard-ExtraLight.ttf */ = {isa = PBXFileReference; lastKnownFileType = file; path = "Pretendard-ExtraLight.ttf"; sourceTree = "<group>"; };
		17A439352C9DAB1E00B071CA /* Pretendard-Light.ttf */ = {isa = PBXFileReference; lastKnownFileType = file; path = "Pretendard-Light.ttf"; sourceTree = "<group>"; };
		17A439362C9DAB1E00B071CA /* Pretendard-Medium.ttf */ = {isa = PBXFileReference; lastKnownFileType = file; path = "Pretendard-Medium.ttf"; sourceTree = "<group>"; };
		17A439372C9DAB1E00B071CA /* Pretendard-Regular.ttf */ = {isa = PBXFileReference; lastKnownFileType = file; path = "Pretendard-Regular.ttf"; sourceTree = "<group>"; };
		17A439382C9DAB1E00B071CA /* Pretendard-SemiBold.ttf */ = {isa = PBXFileReference; lastKnownFileType = file; path = "Pretendard-SemiBold.ttf"; sourceTree = "<group>"; };
		17A439392C9DAB1E00B071CA /* Pretendard-Thin.ttf */ = {isa = PBXFileReference; lastKnownFileType = file; path = "Pretendard-Thin.ttf"; sourceTree = "<group>"; };
/* End PBXFileReference section */

/* Begin PBXFrameworksBuildPhase section */
		17A438A82C9DA9F000B071CA /* Frameworks */ = {
			isa = PBXFrameworksBuildPhase;
			buildActionMask = 2147483647;
			files = (
			);
			runOnlyForDeploymentPostprocessing = 0;
		};
/* End PBXFrameworksBuildPhase section */

/* Begin PBXGroup section */
		17A438A22C9DA9F000B071CA = {
			isa = PBXGroup;
			children = (
				17A438AD2C9DA9F000B071CA /* MEMOA */,
				17A438AC2C9DA9F000B071CA /* Products */,
			);
			sourceTree = "<group>";
		};
		17A438AC2C9DA9F000B071CA /* Products */ = {
			isa = PBXGroup;
			children = (
				17A438AB2C9DA9F000B071CA /* MEMOA.app */,
			);
			name = Products;
			sourceTree = "<group>";
		};
		17A438AD2C9DA9F000B071CA /* MEMOA */ = {
			isa = PBXGroup;
			children = (
				17A439202C9DAB1E00B071CA /* Components */,
				17A4392C2C9DAB1E00B071CA /* FirstView.swift */,
				17A4393A2C9DAB1E00B071CA /* Font */,
				17A4391C2C9DAB1E00B071CA /* Info.plist */,
				17A439302C9DAB1E00B071CA /* Login */,
				17A4391B2C9DAB1E00B071CA /* Resources */,
				17A4392B2C9DAB1E00B071CA /* Signup */,
				17A4390A2C9DAB1E00B071CA /* Sources */,
			);
			path = MEMOA;
			sourceTree = "<group>";
		};
		17A438D52C9DAB1E00B071CA /* Application */ = {
			isa = PBXGroup;
			children = (
				17A438D42C9DAB1E00B071CA /* MEMOAApp.swift */,
			);
			path = Application;
			sourceTree = "<group>";
		};
		17A438D82C9DAB1E00B071CA /* Component */ = {
			isa = PBXGroup;
			children = (
				17A438D62C9DAB1E00B071CA /* BackButton.swift */,
				17A438D72C9DAB1E00B071CA /* CompleteButton.swift */,
			);
			path = Component;
			sourceTree = "<group>";
		};
		17A438DD2C9DAB1E00B071CA /* Bookmark */ = {
			isa = PBXGroup;
			children = (
				17A438D92C9DAB1E00B071CA /* BookmarkButton.swift */,
				17A438DA2C9DAB1E00B071CA /* BookmarkModel.swift */,
				17A438DB2C9DAB1E00B071CA /* BookmarkView.swift */,
				17A438DC2C9DAB1E00B071CA /* BookmarkViewmodel.swift */,
			);
			path = Bookmark;
			sourceTree = "<group>";
		};
		17A438E02C9DAB1E00B071CA /* Homecomponent */ = {
			isa = PBXGroup;
			children = (
				17A438DE2C9DAB1E00B071CA /* SelectitemView.swift */,
				17A438DF2C9DAB1E00B071CA /* UploadComponentView.swift */,
			);
			path = Homecomponent;
			sourceTree = "<group>";
		};
		17A438E52C9DAB1E00B071CA /* Home */ = {
			isa = PBXGroup;
			children = (
				17A438E02C9DAB1E00B071CA /* Homecomponent */,
				17A438E12C9DAB1E00B071CA /* DetailView.swift */,
				17A438E22C9DAB1E00B071CA /* HomeModel.swift */,
				17A438E32C9DAB1E00B071CA /* HomeView.swift */,
				17A438E42C9DAB1E00B071CA /* HomeViewModel.swift */,
			);
			path = Home;
			sourceTree = "<group>";
		};
		17A438E92C9DAB1E00B071CA /* Modify */ = {
			isa = PBXGroup;
			children = (
				17A438E62C9DAB1E00B071CA /* ChangeNameView.swift */,
				17A438E72C9DAB1E00B071CA /* ChangingDepartmentView.swift */,
				17A438E82C9DAB1E00B071CA /* ModifyView.swift */,
			);
			path = Modify;
			sourceTree = "<group>";
		};
		17A438EC2C9DAB1E00B071CA /* Profilcomponent */ = {
			isa = PBXGroup;
			children = (
				17A438EA2C9DAB1E00B071CA /* ModifyViewbutton.swift */,
				17A438EB2C9DAB1E00B071CA /* MyUploadList.swift */,
			);
			path = Profilcomponent;
			sourceTree = "<group>";
		};
		17A438F02C9DAB1E00B071CA /* MyProfil */ = {
			isa = PBXGroup;
			children = (
				17A438E92C9DAB1E00B071CA /* Modify */,
				17A438EC2C9DAB1E00B071CA /* Profilcomponent */,
				17A438ED2C9DAB1E00B071CA /* MyProfilModel.swift */,
				17A438EE2C9DAB1E00B071CA /* MyProfilView.swift */,
				17A438EF2C9DAB1E00B071CA /* MyProfilViewModel.swift */,
			);
			path = MyProfil;
			sourceTree = "<group>";
		};
		17A438F52C9DAB1E00B071CA /* Porfil */ = {
			isa = PBXGroup;
			children = (
				17A438F12C9DAB1E00B071CA /* ProfilModel.swift */,
				17A438F22C9DAB1E00B071CA /* ProfilView.swift */,
				17A438F32C9DAB1E00B071CA /* ProfilViewModel.swift */,
				17A438F42C9DAB1E00B071CA /* UploadList.swift */,
			);
			path = Porfil;
			sourceTree = "<group>";
		};
		17A438F92C9DAB1E00B071CA /* Search */ = {
			isa = PBXGroup;
			children = (
				17A438F62C9DAB1E00B071CA /* SearchModel.swift */,
				17A438F72C9DAB1E00B071CA /* SearchView.swift */,
				17A438F82C9DAB1E00B071CA /* SearchViewModel.swift */,
			);
			path = Search;
			sourceTree = "<group>";
		};
		17A438FE2C9DAB1E00B071CA /* TabView */ = {
			isa = PBXGroup;
			children = (
				17A438FA2C9DAB1E00B071CA /* MainView.swift */,
				17A438FB2C9DAB1E00B071CA /* TabViewCell.swift */,
				17A438FC2C9DAB1E00B071CA /* TabViewdesign.swift */,
				17A438FD2C9DAB1E00B071CA /* TabViewType.swift */,
			);
			path = TabView;
			sourceTree = "<group>";
		};
		17A439032C9DAB1E00B071CA /* Write */ = {
			isa = PBXGroup;
			children = (
				17A438FF2C9DAB1E00B071CA /* UIViewRepresentable.swift */,
				17A439002C9DAB1E00B071CA /* WriteModel.swift */,
				17A439012C9DAB1E00B071CA /* WriteView.swift */,
				17A439022C9DAB1E00B071CA /* WriteViewModel.swift */,
			);
			path = Write;
			sourceTree = "<group>";
		};
		17A439042C9DAB1E00B071CA /* Feature */ = {
			isa = PBXGroup;
			children = (
				17A438DD2C9DAB1E00B071CA /* Bookmark */,
				17A438E52C9DAB1E00B071CA /* Home */,
				17A438F02C9DAB1E00B071CA /* MyProfil */,
				17A438F52C9DAB1E00B071CA /* Porfil */,
				17A438F92C9DAB1E00B071CA /* Search */,
				17A438FE2C9DAB1E00B071CA /* TabView */,
				17A439032C9DAB1E00B071CA /* Write */,
			);
			path = Feature;
			sourceTree = "<group>";
		};
		17A439062C9DAB1E00B071CA /* Extensions */ = {
			isa = PBXGroup;
			children = (
				17A439052C9DAB1E00B071CA /* ViewExt.swift */,
			);
			path = Extensions;
			sourceTree = "<group>";
		};
		17A439082C9DAB1E00B071CA /* Shape */ = {
			isa = PBXGroup;
			children = (
				17A439072C9DAB1E00B071CA /* RoundedCornerShape.swift */,
			);
			path = Shape;
			sourceTree = "<group>";
		};
		17A439092C9DAB1E00B071CA /* Shared */ = {
			isa = PBXGroup;
			children = (
				17A439062C9DAB1E00B071CA /* Extensions */,
				17A439082C9DAB1E00B071CA /* Shape */,
			);
			path = Shared;
			sourceTree = "<group>";
		};
		17A4390A2C9DAB1E00B071CA /* Sources */ = {
			isa = PBXGroup;
			children = (
				17A438D52C9DAB1E00B071CA /* Application */,
				17A438D82C9DAB1E00B071CA /* Component */,
				17A439042C9DAB1E00B071CA /* Feature */,
				17A439092C9DAB1E00B071CA /* Shared */,
			);
			path = Sources;
			sourceTree = "<group>";
		};
		17A439142C9DAB1E00B071CA /* Font */ = {
			isa = PBXGroup;
			children = (
				17A4390B2C9DAB1E00B071CA /* Pretendard-Black.ttf */,
				17A4390C2C9DAB1E00B071CA /* Pretendard-Bold.ttf */,
				17A4390D2C9DAB1E00B071CA /* Pretendard-ExtraBold.ttf */,
				17A4390E2C9DAB1E00B071CA /* Pretendard-ExtraLight.ttf */,
				17A4390F2C9DAB1E00B071CA /* Pretendard-Light.ttf */,
				17A439102C9DAB1E00B071CA /* Pretendard-Medium.ttf */,
				17A439112C9DAB1E00B071CA /* Pretendard-Regular.ttf */,
				17A439122C9DAB1E00B071CA /* Pretendard-SemiBold.ttf */,
				17A439132C9DAB1E00B071CA /* Pretendard-Thin.ttf */,
			);
			path = Font;
			sourceTree = "<group>";
		};
		17A439162C9DAB1E00B071CA /* Fontsize */ = {
			isa = PBXGroup;
			children = (
				17A439152C9DAB1E00B071CA /* Fontsize.swift */,
			);
			path = Fontsize;
			sourceTree = "<group>";
		};
		17A439182C9DAB1E00B071CA /* Preview Content */ = {
			isa = PBXGroup;
			children = (
				17A439172C9DAB1E00B071CA /* Preview Assets.xcassets */,
			);
			path = "Preview Content";
			sourceTree = "<group>";
		};
		17A4391B2C9DAB1E00B071CA /* Resources */ = {
			isa = PBXGroup;
			children = (
				17A438D22C9DAB0F00B071CA /* Assets.xcassets */,
				17A439142C9DAB1E00B071CA /* Font */,
				17A439162C9DAB1E00B071CA /* Fontsize */,
				17A439182C9DAB1E00B071CA /* Preview Content */,
				17A4391A2C9DAB1E00B071CA /* Iconography.xcassets */,
			);
			path = Resources;
			sourceTree = "<group>";
		};
		17A439202C9DAB1E00B071CA /* Components */ = {
			isa = PBXGroup;
			children = (
				17A4391D2C9DAB1E00B071CA /*  TermsOfUseButton.swift */,
				17A4391E2C9DAB1E00B071CA /* CustomTextField.swift */,
				17A4391F2C9DAB1E00B071CA /* LongButton.swift */,
			);
			path = Components;
			sourceTree = "<group>";
		};
		17A439262C9DAB1E00B071CA /* GetInformationView */ = {
			isa = PBXGroup;
			children = (
				17A439212C9DAB1E00B071CA /* GetEmailView.swift */,
				17A439222C9DAB1E00B071CA /* GetNicnameView.swift */,
				17A439232C9DAB1E00B071CA /* GetpasswordView.swift */,
				17A439242C9DAB1E00B071CA /* GetSchoolView.swift */,
				17A439252C9DAB1E00B071CA /* SelectSchoolView.swift */,
			);
			path = GetInformationView;
			sourceTree = "<group>";
		};
		17A4392B2C9DAB1E00B071CA /* Signup */ = {
			isa = PBXGroup;
			children = (
				17A439262C9DAB1E00B071CA /* GetInformationView */,
				17A439272C9DAB1E00B071CA /* SchoolModel.swift */,
				17A439282C9DAB1E00B071CA /* SchoolModelView.swift */,
				17A439292C9DAB1E00B071CA /* SignupModel.swift */,
				17A4392A2C9DAB1E00B071CA /* SignupModelView.swift */,
			);
			path = Signup;
			sourceTree = "<group>";
		};
		17A439302C9DAB1E00B071CA /* Login */ = {
			isa = PBXGroup;
			children = (
				17A4392D2C9DAB1E00B071CA /* LoginModel.swift */,
				17A4392E2C9DAB1E00B071CA /* LoginModelView.swift */,
				17A4392F2C9DAB1E00B071CA /* LoginView.swift */,
			);
			path = Login;
			sourceTree = "<group>";
		};
		17A4393A2C9DAB1E00B071CA /* Font */ = {
			isa = PBXGroup;
			children = (
				17A439312C9DAB1E00B071CA /* Pretendard-Black.ttf */,
				17A439322C9DAB1E00B071CA /* Pretendard-Bold.ttf */,
				17A439332C9DAB1E00B071CA /* Pretendard-ExtraBold.ttf */,
				17A439342C9DAB1E00B071CA /* Pretendard-ExtraLight.ttf */,
				17A439352C9DAB1E00B071CA /* Pretendard-Light.ttf */,
				17A439362C9DAB1E00B071CA /* Pretendard-Medium.ttf */,
				17A439372C9DAB1E00B071CA /* Pretendard-Regular.ttf */,
				17A439382C9DAB1E00B071CA /* Pretendard-SemiBold.ttf */,
				17A439392C9DAB1E00B071CA /* Pretendard-Thin.ttf */,
			);
			path = Font;
			sourceTree = "<group>";
		};
/* End PBXGroup section */

/* Begin PBXNativeTarget section */
		17A438AA2C9DA9F000B071CA /* MEMOA */ = {
			isa = PBXNativeTarget;
			buildConfigurationList = 17A438B92C9DA9F100B071CA /* Build configuration list for PBXNativeTarget "MEMOA" */;
			buildPhases = (
				17A438A72C9DA9F000B071CA /* Sources */,
				17A438A82C9DA9F000B071CA /* Frameworks */,
				17A438A92C9DA9F000B071CA /* Resources */,
			);
			buildRules = (
			);
			dependencies = (
			);
			name = MEMOA;
			productName = MEMOA;
			productReference = 17A438AB2C9DA9F000B071CA /* MEMOA.app */;
			productType = "com.apple.product-type.application";
		};
/* End PBXNativeTarget section */

/* Begin PBXProject section */
		17A438A32C9DA9F000B071CA /* Project object */ = {
			isa = PBXProject;
			attributes = {
				BuildIndependentTargetsInParallel = 1;
				LastSwiftUpdateCheck = 1530;
				LastUpgradeCheck = 1530;
				TargetAttributes = {
					17A438AA2C9DA9F000B071CA = {
						CreatedOnToolsVersion = 15.3;
						LastSwiftMigration = 1530;
					};
				};
			};
			buildConfigurationList = 17A438A62C9DA9F000B071CA /* Build configuration list for PBXProject "MEMOA" */;
			compatibilityVersion = "Xcode 14.0";
			developmentRegion = en;
			hasScannedForEncodings = 0;
			knownRegions = (
				en,
				Base,
			);
			mainGroup = 17A438A22C9DA9F000B071CA;
			productRefGroup = 17A438AC2C9DA9F000B071CA /* Products */;
			projectDirPath = "";
			projectRoot = "";
			targets = (
				17A438AA2C9DA9F000B071CA /* MEMOA */,
			);
		};
/* End PBXProject section */

/* Begin PBXResourcesBuildPhase section */
		17A438A92C9DA9F000B071CA /* Resources */ = {
			isa = PBXResourcesBuildPhase;
			buildActionMask = 2147483647;
			files = (
				17A439682C9DAB1E00B071CA /* Pretendard-SemiBold.ttf in Resources */,
				17A439812C9DAB1E00B071CA /* Pretendard-ExtraBold.ttf in Resources */,
				17A439832C9DAB1E00B071CA /* Pretendard-Light.ttf in Resources */,
				17A4396B2C9DAB1E00B071CA /* Preview Assets.xcassets in Resources */,
				17A439652C9DAB1E00B071CA /* Pretendard-Light.ttf in Resources */,
				17A438D32C9DAB0F00B071CA /* Assets.xcassets in Resources */,
				17A439672C9DAB1E00B071CA /* Pretendard-Regular.ttf in Resources */,
				17A439622C9DAB1E00B071CA /* Pretendard-Bold.ttf in Resources */,
				17A439852C9DAB1E00B071CA /* Pretendard-Regular.ttf in Resources */,
				17A439872C9DAB1E00B071CA /* Pretendard-Thin.ttf in Resources */,
				17A439802C9DAB1E00B071CA /* Pretendard-Bold.ttf in Resources */,
				17A4396E2C9DAB1E00B071CA /* Info.plist in Resources */,
				17A439642C9DAB1E00B071CA /* Pretendard-ExtraLight.ttf in Resources */,
				17A439692C9DAB1E00B071CA /* Pretendard-Thin.ttf in Resources */,
				17A439612C9DAB1E00B071CA /* Pretendard-Black.ttf in Resources */,
				17A4396D2C9DAB1E00B071CA /* Iconography.xcassets in Resources */,
				17A439662C9DAB1E00B071CA /* Pretendard-Medium.ttf in Resources */,
				17A439862C9DAB1E00B071CA /* Pretendard-SemiBold.ttf in Resources */,
				17A439842C9DAB1E00B071CA /* Pretendard-Medium.ttf in Resources */,
				17A439822C9DAB1E00B071CA /* Pretendard-ExtraLight.ttf in Resources */,
				17A439632C9DAB1E00B071CA /* Pretendard-ExtraBold.ttf in Resources */,
				17A4397F2C9DAB1E00B071CA /* Pretendard-Black.ttf in Resources */,
			);
			runOnlyForDeploymentPostprocessing = 0;
		};
/* End PBXResourcesBuildPhase section */

/* Begin PBXSourcesBuildPhase section */
		17A438A72C9DA9F000B071CA /* Sources */ = {
			isa = PBXSourcesBuildPhase;
			buildActionMask = 2147483647;
			files = (
				17A4395A2C9DAB1E00B071CA /* TabViewType.swift in Sources */,
				17A4397C2C9DAB1E00B071CA /* LoginModel.swift in Sources */,
				17A439792C9DAB1E00B071CA /* SignupModel.swift in Sources */,
				17A4395F2C9DAB1E00B071CA /* ViewExt.swift in Sources */,
				17A4397D2C9DAB1E00B071CA /* LoginModelView.swift in Sources */,
				17A4394B2C9DAB1E00B071CA /* ModifyViewbutton.swift in Sources */,
				17A439432C9DAB1E00B071CA /* UploadComponentView.swift in Sources */,
				17A439402C9DAB1E00B071CA /* BookmarkView.swift in Sources */,
				17A4397E2C9DAB1E00B071CA /* LoginView.swift in Sources */,
				17A439452C9DAB1E00B071CA /* HomeModel.swift in Sources */,
				17A4394F2C9DAB1E00B071CA /* MyProfilViewModel.swift in Sources */,
				17A439702C9DAB1E00B071CA /* CustomTextField.swift in Sources */,
				17A439592C9DAB1E00B071CA /* TabViewdesign.swift in Sources */,
				17A439422C9DAB1E00B071CA /* SelectitemView.swift in Sources */,
				17A4396A2C9DAB1E00B071CA /* Fontsize.swift in Sources */,
				17A439762C9DAB1E00B071CA /* SelectSchoolView.swift in Sources */,
				17A439752C9DAB1E00B071CA /* GetSchoolView.swift in Sources */,
				17A439512C9DAB1E00B071CA /* ProfilView.swift in Sources */,
				17A4396F2C9DAB1E00B071CA /*  TermsOfUseButton.swift in Sources */,
				17A4397A2C9DAB1E00B071CA /* SignupModelView.swift in Sources */,
				17A439602C9DAB1E00B071CA /* RoundedCornerShape.swift in Sources */,
				17A439442C9DAB1E00B071CA /* DetailView.swift in Sources */,
				17A4393C2C9DAB1E00B071CA /* BackButton.swift in Sources */,
				17A4393E2C9DAB1E00B071CA /* BookmarkButton.swift in Sources */,
				17A439732C9DAB1E00B071CA /* GetNicnameView.swift in Sources */,
				17A439782C9DAB1E00B071CA /* SchoolModelView.swift in Sources */,
				17A439722C9DAB1E00B071CA /* GetEmailView.swift in Sources */,
				17A439492C9DAB1E00B071CA /* ChangingDepartmentView.swift in Sources */,
				17A4393B2C9DAB1E00B071CA /* MEMOAApp.swift in Sources */,
				17A439472C9DAB1E00B071CA /* HomeViewModel.swift in Sources */,
				17A439542C9DAB1E00B071CA /* SearchModel.swift in Sources */,
				17A439482C9DAB1E00B071CA /* ChangeNameView.swift in Sources */,
				17A4394C2C9DAB1E00B071CA /* MyUploadList.swift in Sources */,
				17A4395E2C9DAB1E00B071CA /* WriteViewModel.swift in Sources */,
				17A4394D2C9DAB1E00B071CA /* MyProfilModel.swift in Sources */,
				17A4395C2C9DAB1E00B071CA /* WriteModel.swift in Sources */,
				17A4397B2C9DAB1E00B071CA /* FirstView.swift in Sources */,
				17A439742C9DAB1E00B071CA /* GetpasswordView.swift in Sources */,
				17A439522C9DAB1E00B071CA /* ProfilViewModel.swift in Sources */,
				17A4395B2C9DAB1E00B071CA /* UIViewRepresentable.swift in Sources */,
				17A439502C9DAB1E00B071CA /* ProfilModel.swift in Sources */,
				17A439552C9DAB1E00B071CA /* SearchView.swift in Sources */,
				17A4393D2C9DAB1E00B071CA /* CompleteButton.swift in Sources */,
				17A439712C9DAB1E00B071CA /* LongButton.swift in Sources */,
				17A439772C9DAB1E00B071CA /* SchoolModel.swift in Sources */,
				17A439532C9DAB1E00B071CA /* UploadList.swift in Sources */,
				17A439562C9DAB1E00B071CA /* SearchViewModel.swift in Sources */,
				17A4395D2C9DAB1E00B071CA /* WriteView.swift in Sources */,
				17A439462C9DAB1E00B071CA /* HomeView.swift in Sources */,
				17A439582C9DAB1E00B071CA /* TabViewCell.swift in Sources */,
				17A4393F2C9DAB1E00B071CA /* BookmarkModel.swift in Sources */,
				17A439572C9DAB1E00B071CA /* MainView.swift in Sources */,
				17A4394A2C9DAB1E00B071CA /* ModifyView.swift in Sources */,
				17A4394E2C9DAB1E00B071CA /* MyProfilView.swift in Sources */,
				17A439412C9DAB1E00B071CA /* BookmarkViewmodel.swift in Sources */,
			);
			runOnlyForDeploymentPostprocessing = 0;
		};
/* End PBXSourcesBuildPhase section */

/* Begin XCBuildConfiguration section */
		17A438B72C9DA9F100B071CA /* Debug */ = {
			isa = XCBuildConfiguration;
			buildSettings = {
				ALWAYS_SEARCH_USER_PATHS = NO;
				ASSETCATALOG_COMPILER_GENERATE_SWIFT_ASSET_SYMBOL_EXTENSIONS = YES;
				CLANG_ANALYZER_NONNULL = YES;
				CLANG_ANALYZER_NUMBER_OBJECT_CONVERSION = YES_AGGRESSIVE;
				CLANG_CXX_LANGUAGE_STANDARD = "gnu++20";
				CLANG_ENABLE_MODULES = YES;
				CLANG_ENABLE_OBJC_ARC = YES;
				CLANG_ENABLE_OBJC_WEAK = YES;
				CLANG_WARN_BLOCK_CAPTURE_AUTORELEASING = YES;
				CLANG_WARN_BOOL_CONVERSION = YES;
				CLANG_WARN_COMMA = YES;
				CLANG_WARN_CONSTANT_CONVERSION = YES;
				CLANG_WARN_DEPRECATED_OBJC_IMPLEMENTATIONS = YES;
				CLANG_WARN_DIRECT_OBJC_ISA_USAGE = YES_ERROR;
				CLANG_WARN_DOCUMENTATION_COMMENTS = YES;
				CLANG_WARN_EMPTY_BODY = YES;
				CLANG_WARN_ENUM_CONVERSION = YES;
				CLANG_WARN_INFINITE_RECURSION = YES;
				CLANG_WARN_INT_CONVERSION = YES;
				CLANG_WARN_NON_LITERAL_NULL_CONVERSION = YES;
				CLANG_WARN_OBJC_IMPLICIT_RETAIN_SELF = YES;
				CLANG_WARN_OBJC_LITERAL_CONVERSION = YES;
				CLANG_WARN_OBJC_ROOT_CLASS = YES_ERROR;
				CLANG_WARN_QUOTED_INCLUDE_IN_FRAMEWORK_HEADER = YES;
				CLANG_WARN_RANGE_LOOP_ANALYSIS = YES;
				CLANG_WARN_STRICT_PROTOTYPES = YES;
				CLANG_WARN_SUSPICIOUS_MOVE = YES;
				CLANG_WARN_UNGUARDED_AVAILABILITY = YES_AGGRESSIVE;
				CLANG_WARN_UNREACHABLE_CODE = YES;
				CLANG_WARN__DUPLICATE_METHOD_MATCH = YES;
				COPY_PHASE_STRIP = NO;
				DEBUG_INFORMATION_FORMAT = dwarf;
				ENABLE_STRICT_OBJC_MSGSEND = YES;
				ENABLE_TESTABILITY = YES;
				ENABLE_USER_SCRIPT_SANDBOXING = YES;
				GCC_C_LANGUAGE_STANDARD = gnu17;
				GCC_DYNAMIC_NO_PIC = NO;
				GCC_NO_COMMON_BLOCKS = YES;
				GCC_OPTIMIZATION_LEVEL = 0;
				GCC_PREPROCESSOR_DEFINITIONS = (
					"DEBUG=1",
					"$(inherited)",
				);
				GCC_WARN_64_TO_32_BIT_CONVERSION = YES;
				GCC_WARN_ABOUT_RETURN_TYPE = YES_ERROR;
				GCC_WARN_UNDECLARED_SELECTOR = YES;
				GCC_WARN_UNINITIALIZED_AUTOS = YES_AGGRESSIVE;
				GCC_WARN_UNUSED_FUNCTION = YES;
				GCC_WARN_UNUSED_VARIABLE = YES;
				IPHONEOS_DEPLOYMENT_TARGET = 17.4;
				LOCALIZATION_PREFERS_STRING_CATALOGS = YES;
				MTL_ENABLE_DEBUG_INFO = INCLUDE_SOURCE;
				MTL_FAST_MATH = YES;
				ONLY_ACTIVE_ARCH = YES;
				SDKROOT = iphoneos;
				SWIFT_ACTIVE_COMPILATION_CONDITIONS = "DEBUG $(inherited)";
				SWIFT_OPTIMIZATION_LEVEL = "-Onone";
			};
			name = Debug;
		};
		17A438B82C9DA9F100B071CA /* Release */ = {
			isa = XCBuildConfiguration;
			buildSettings = {
				ALWAYS_SEARCH_USER_PATHS = NO;
				ASSETCATALOG_COMPILER_GENERATE_SWIFT_ASSET_SYMBOL_EXTENSIONS = YES;
				CLANG_ANALYZER_NONNULL = YES;
				CLANG_ANALYZER_NUMBER_OBJECT_CONVERSION = YES_AGGRESSIVE;
				CLANG_CXX_LANGUAGE_STANDARD = "gnu++20";
				CLANG_ENABLE_MODULES = YES;
				CLANG_ENABLE_OBJC_ARC = YES;
				CLANG_ENABLE_OBJC_WEAK = YES;
				CLANG_WARN_BLOCK_CAPTURE_AUTORELEASING = YES;
				CLANG_WARN_BOOL_CONVERSION = YES;
				CLANG_WARN_COMMA = YES;
				CLANG_WARN_CONSTANT_CONVERSION = YES;
				CLANG_WARN_DEPRECATED_OBJC_IMPLEMENTATIONS = YES;
				CLANG_WARN_DIRECT_OBJC_ISA_USAGE = YES_ERROR;
				CLANG_WARN_DOCUMENTATION_COMMENTS = YES;
				CLANG_WARN_EMPTY_BODY = YES;
				CLANG_WARN_ENUM_CONVERSION = YES;
				CLANG_WARN_INFINITE_RECURSION = YES;
				CLANG_WARN_INT_CONVERSION = YES;
				CLANG_WARN_NON_LITERAL_NULL_CONVERSION = YES;
				CLANG_WARN_OBJC_IMPLICIT_RETAIN_SELF = YES;
				CLANG_WARN_OBJC_LITERAL_CONVERSION = YES;
				CLANG_WARN_OBJC_ROOT_CLASS = YES_ERROR;
				CLANG_WARN_QUOTED_INCLUDE_IN_FRAMEWORK_HEADER = YES;
				CLANG_WARN_RANGE_LOOP_ANALYSIS = YES;
				CLANG_WARN_STRICT_PROTOTYPES = YES;
				CLANG_WARN_SUSPICIOUS_MOVE = YES;
				CLANG_WARN_UNGUARDED_AVAILABILITY = YES_AGGRESSIVE;
				CLANG_WARN_UNREACHABLE_CODE = YES;
				CLANG_WARN__DUPLICATE_METHOD_MATCH = YES;
				COPY_PHASE_STRIP = NO;
				DEBUG_INFORMATION_FORMAT = "dwarf-with-dsym";
				ENABLE_NS_ASSERTIONS = NO;
				ENABLE_STRICT_OBJC_MSGSEND = YES;
				ENABLE_USER_SCRIPT_SANDBOXING = YES;
				GCC_C_LANGUAGE_STANDARD = gnu17;
				GCC_NO_COMMON_BLOCKS = YES;
				GCC_WARN_64_TO_32_BIT_CONVERSION = YES;
				GCC_WARN_ABOUT_RETURN_TYPE = YES_ERROR;
				GCC_WARN_UNDECLARED_SELECTOR = YES;
				GCC_WARN_UNINITIALIZED_AUTOS = YES_AGGRESSIVE;
				GCC_WARN_UNUSED_FUNCTION = YES;
				GCC_WARN_UNUSED_VARIABLE = YES;
				IPHONEOS_DEPLOYMENT_TARGET = 17.4;
				LOCALIZATION_PREFERS_STRING_CATALOGS = YES;
				MTL_ENABLE_DEBUG_INFO = NO;
				MTL_FAST_MATH = YES;
				SDKROOT = iphoneos;
				SWIFT_COMPILATION_MODE = wholemodule;
				VALIDATE_PRODUCT = YES;
			};
			name = Release;
		};
		17A438BA2C9DA9F100B071CA /* Debug */ = {
			isa = XCBuildConfiguration;
			buildSettings = {
				ASSETCATALOG_COMPILER_APPICON_NAME = AppIcon;
				ASSETCATALOG_COMPILER_GLOBAL_ACCENT_COLOR_NAME = AccentColor;
				CLANG_ENABLE_MODULES = YES;
				CODE_SIGN_STYLE = Automatic;
				CURRENT_PROJECT_VERSION = 1;
				DEVELOPMENT_ASSET_PATHS = "\"MEMOA/Preview Content\"";
				DEVELOPMENT_TEAM = C4S7HKU287;
				ENABLE_PREVIEWS = YES;
				GENERATE_INFOPLIST_FILE = YES;
				INFOPLIST_KEY_UIApplicationSceneManifest_Generation = YES;
				INFOPLIST_KEY_UIApplicationSupportsIndirectInputEvents = YES;
				INFOPLIST_KEY_UILaunchScreen_Generation = YES;
				INFOPLIST_KEY_UISupportedInterfaceOrientations_iPad = "UIInterfaceOrientationPortrait UIInterfaceOrientationPortraitUpsideDown UIInterfaceOrientationLandscapeLeft UIInterfaceOrientationLandscapeRight";
				INFOPLIST_KEY_UISupportedInterfaceOrientations_iPhone = "UIInterfaceOrientationPortrait UIInterfaceOrientationLandscapeLeft UIInterfaceOrientationLandscapeRight";
				LD_RUNPATH_SEARCH_PATHS = (
					"$(inherited)",
					"@executable_path/Frameworks",
				);
				MARKETING_VERSION = 1.0;
				PRODUCT_BUNDLE_IDENTIFIER = kr.hs.dgsw.MEMOA;
				PRODUCT_NAME = "$(TARGET_NAME)";
				SWIFT_EMIT_LOC_STRINGS = YES;
				SWIFT_OPTIMIZATION_LEVEL = "-Onone";
				SWIFT_VERSION = 5.0;
				TARGETED_DEVICE_FAMILY = "1,2";
			};
			name = Debug;
		};
		17A438BB2C9DA9F100B071CA /* Release */ = {
			isa = XCBuildConfiguration;
			buildSettings = {
				ASSETCATALOG_COMPILER_APPICON_NAME = AppIcon;
				ASSETCATALOG_COMPILER_GLOBAL_ACCENT_COLOR_NAME = AccentColor;
				CLANG_ENABLE_MODULES = YES;
				CODE_SIGN_STYLE = Automatic;
				CURRENT_PROJECT_VERSION = 1;
				DEVELOPMENT_ASSET_PATHS = "\"MEMOA/Preview Content\"";
				DEVELOPMENT_TEAM = C4S7HKU287;
				ENABLE_PREVIEWS = YES;
				GENERATE_INFOPLIST_FILE = YES;
				INFOPLIST_KEY_UIApplicationSceneManifest_Generation = YES;
				INFOPLIST_KEY_UIApplicationSupportsIndirectInputEvents = YES;
				INFOPLIST_KEY_UILaunchScreen_Generation = YES;
				INFOPLIST_KEY_UISupportedInterfaceOrientations_iPad = "UIInterfaceOrientationPortrait UIInterfaceOrientationPortraitUpsideDown UIInterfaceOrientationLandscapeLeft UIInterfaceOrientationLandscapeRight";
				INFOPLIST_KEY_UISupportedInterfaceOrientations_iPhone = "UIInterfaceOrientationPortrait UIInterfaceOrientationLandscapeLeft UIInterfaceOrientationLandscapeRight";
				LD_RUNPATH_SEARCH_PATHS = (
					"$(inherited)",
					"@executable_path/Frameworks",
				);
				MARKETING_VERSION = 1.0;
				PRODUCT_BUNDLE_IDENTIFIER = kr.hs.dgsw.MEMOA;
				PRODUCT_NAME = "$(TARGET_NAME)";
				SWIFT_EMIT_LOC_STRINGS = YES;
				SWIFT_VERSION = 5.0;
				TARGETED_DEVICE_FAMILY = "1,2";
			};
			name = Release;
		};
/* End XCBuildConfiguration section */

/* Begin XCConfigurationList section */
		17A438A62C9DA9F000B071CA /* Build configuration list for PBXProject "MEMOA" */ = {
			isa = XCConfigurationList;
			buildConfigurations = (
				17A438B72C9DA9F100B071CA /* Debug */,
				17A438B82C9DA9F100B071CA /* Release */,
			);
			defaultConfigurationIsVisible = 0;
			defaultConfigurationName = Release;
		};
		17A438B92C9DA9F100B071CA /* Build configuration list for PBXNativeTarget "MEMOA" */ = {
			isa = XCConfigurationList;
			buildConfigurations = (
				17A438BA2C9DA9F100B071CA /* Debug */,
				17A438BB2C9DA9F100B071CA /* Release */,
			);
			defaultConfigurationIsVisible = 0;
			defaultConfigurationName = Release;
		};
/* End XCConfigurationList section */
	};
	rootObject = 17A438A32C9DA9F000B071CA /* Project object */;
}
